{
  "pins" : [
    {
      "identity" : "braintree_ios",
      "kind" : "remoteSourceControl",
      "location" : "https://github.com/braintree/braintree_ios",
      "state" : {
        "revision" : "60782025af968f25247ad1e3c7fdd70655fb703a",
        "version" : "6.6.0"
      }
    }
  ],
  "version" : 2
}
