// !$*UTF8*$!
{
	archiveVersion = 1;
	classes = {
	};
	objectVersion = 56;
	objects = {

/* Begin PBXBuildFile section */
		B8EA84FE2ABB7E0100569635 /* PayPalMessages.xcframework in Frameworks */ = {isa = PBXBuildFile; fileRef = B8EA84FD2ABB7E0100569635 /* PayPalMessages.xcframework */; };
		B8EA84FF2ABB7E0100569635 /* PayPalMessages.xcframework in Embed Frameworks */ = {isa = PBXBuildFile; fileRef = B8EA84FD2ABB7E0100569635 /* PayPalMessages.xcframework */; settings = {ATTRIBUTES = (CodeSignOnCopy, RemoveHeadersOnCopy, ); }; };
		B8EA85022ABBB4A300569635 /* BTPayPalMessageTextAlignment.swift in Sources */ = {isa = PBXBuildFile; fileRef = B8EA85012ABBB4A300569635 /* BTPayPalMessageTextAlignment.swift */; };
		B8EA85042ABBB5BF00569635 /* BTPayPalMessageColor.swift in Sources */ = {isa = PBXBuildFile; fileRef = B8EA85032ABBB5BF00569635 /* BTPayPalMessageColor.swift */; };
		B8EA85062ABBB69300569635 /* BTPayPalMessageLogoType.swift in Sources */ = {isa = PBXBuildFile; fileRef = B8EA85052ABBB69300569635 /* BTPayPalMessageLogoType.swift */; };
		BE0AD9EF2ABB297B00C7CA59 /* BTPayPalCreditMessageRequest.swift in Sources */ = {isa = PBXBuildFile; fileRef = BE0AD9EE2ABB297B00C7CA59 /* BTPayPalCreditMessageRequest.swift */; };
		BE0AD9F12ABB29E600C7CA59 /* BTPayPalMessagePlacement.swift in Sources */ = {isa = PBXBuildFile; fileRef = BE0AD9F02ABB29E600C7CA59 /* BTPayPalMessagePlacement.swift */; };
		BE0AD9F32ABB2AB800C7CA59 /* BTPayPalMessageOfferType.swift in Sources */ = {isa = PBXBuildFile; fileRef = BE0AD9F22ABB2AB800C7CA59 /* BTPayPalMessageOfferType.swift */; };
		BE0AD9F62ABB2BAD00C7CA59 /* BTPayPalCreditMessageView.swift in Sources */ = {isa = PBXBuildFile; fileRef = BE0AD9F52ABB2BAD00C7CA59 /* BTPayPalCreditMessageView.swift */; };
		BED7C4AE2ABB2D0400EF8550 /* BraintreeAmericanExpress in Frameworks */ = {isa = PBXBuildFile; productRef = BED7C4AD2ABB2D0400EF8550 /* BraintreeAmericanExpress */; };
		BED7C4B02ABB2D0400EF8550 /* BraintreeApplePay in Frameworks */ = {isa = PBXBuildFile; productRef = BED7C4AF2ABB2D0400EF8550 /* BraintreeApplePay */; };
		BED7C4B22ABB2D0400EF8550 /* BraintreeCard in Frameworks */ = {isa = PBXBuildFile; productRef = BED7C4B12ABB2D0400EF8550 /* BraintreeCard */; };
		BED7C4B42ABB2D0400EF8550 /* BraintreeCore in Frameworks */ = {isa = PBXBuildFile; productRef = BED7C4B32ABB2D0400EF8550 /* BraintreeCore */; };
		BED7C4B62ABB2D0400EF8550 /* BraintreeDataCollector in Frameworks */ = {isa = PBXBuildFile; productRef = BED7C4B52ABB2D0400EF8550 /* BraintreeDataCollector */; };
		BED7C4B82ABB2D0400EF8550 /* BraintreeLocalPayment in Frameworks */ = {isa = PBXBuildFile; productRef = BED7C4B72ABB2D0400EF8550 /* BraintreeLocalPayment */; };
		BED7C4BA2ABB2D0400EF8550 /* BraintreePayPal in Frameworks */ = {isa = PBXBuildFile; productRef = BED7C4B92ABB2D0400EF8550 /* BraintreePayPal */; };
		BED7C4BC2ABB2D0400EF8550 /* BraintreePayPalNativeCheckout in Frameworks */ = {isa = PBXBuildFile; productRef = BED7C4BB2ABB2D0400EF8550 /* BraintreePayPalNativeCheckout */; };
		BED7C4BE2ABB2D0400EF8550 /* BraintreeSEPADirectDebit in Frameworks */ = {isa = PBXBuildFile; productRef = BED7C4BD2ABB2D0400EF8550 /* BraintreeSEPADirectDebit */; };
		BED7C4C02ABB2D0400EF8550 /* BraintreeThreeDSecure in Frameworks */ = {isa = PBXBuildFile; productRef = BED7C4BF2ABB2D0400EF8550 /* BraintreeThreeDSecure */; };
		BED7C4C22ABB2D0400EF8550 /* BraintreeVenmo in Frameworks */ = {isa = PBXBuildFile; productRef = BED7C4C12ABB2D0400EF8550 /* BraintreeVenmo */; };
		BEEE3F592AA8C9CF00B9DBBD /* AppDelegate.swift in Sources */ = {isa = PBXBuildFile; fileRef = BEEE3F582AA8C9CF00B9DBBD /* AppDelegate.swift */; };
		BEEE3F5B2AA8C9CF00B9DBBD /* SceneDelegate.swift in Sources */ = {isa = PBXBuildFile; fileRef = BEEE3F5A2AA8C9CF00B9DBBD /* SceneDelegate.swift */; };
		BEEE3F5D2AA8C9CF00B9DBBD /* ViewController.swift in Sources */ = {isa = PBXBuildFile; fileRef = BEEE3F5C2AA8C9CF00B9DBBD /* ViewController.swift */; };
		BEEE3F602AA8C9CF00B9DBBD /* Main.storyboard in Resources */ = {isa = PBXBuildFile; fileRef = BEEE3F5E2AA8C9CF00B9DBBD /* Main.storyboard */; };
		BEEE3F622AA8C9D900B9DBBD /* Assets.xcassets in Resources */ = {isa = PBXBuildFile; fileRef = BEEE3F612AA8C9D900B9DBBD /* Assets.xcassets */; };
		BEEE3F652AA8C9DA00B9DBBD /* LaunchScreen.storyboard in Resources */ = {isa = PBXBuildFile; fileRef = BEEE3F632AA8C9DA00B9DBBD /* LaunchScreen.storyboard */; };
/* End PBXBuildFile section */

/* Begin PBXCopyFilesBuildPhase section */
		B8EA85002ABB7E0100569635 /* Embed Frameworks */ = {
			isa = PBXCopyFilesBuildPhase;
			buildActionMask = 2147483647;
			dstPath = "";
			dstSubfolderSpec = 10;
			files = (
				B8EA84FF2ABB7E0100569635 /* PayPalMessages.xcframework in Embed Frameworks */,
			);
			name = "Embed Frameworks";
			runOnlyForDeploymentPostprocessing = 0;
		};
/* End PBXCopyFilesBuildPhase section */

/* Begin PBXFileReference section */
		B8EA84FD2ABB7E0100569635 /* PayPalMessages.xcframework */ = {isa = PBXFileReference; lastKnownFileType = wrapper.xcframework; name = PayPalMessages.xcframework; path = ../../../Downloads/PayPalMessages.xcframework; sourceTree = "<group>"; };
		B8EA85012ABBB4A300569635 /* BTPayPalMessageTextAlignment.swift */ = {isa = PBXFileReference; lastKnownFileType = sourcecode.swift; path = BTPayPalMessageTextAlignment.swift; sourceTree = "<group>"; };
		B8EA85032ABBB5BF00569635 /* BTPayPalMessageColor.swift */ = {isa = PBXFileReference; lastKnownFileType = sourcecode.swift; path = BTPayPalMessageColor.swift; sourceTree = "<group>"; };
		B8EA85052ABBB69300569635 /* BTPayPalMessageLogoType.swift */ = {isa = PBXFileReference; lastKnownFileType = sourcecode.swift; path = BTPayPalMessageLogoType.swift; sourceTree = "<group>"; };
		BE0AD9EE2ABB297B00C7CA59 /* BTPayPalCreditMessageRequest.swift */ = {isa = PBXFileReference; lastKnownFileType = sourcecode.swift; path = BTPayPalCreditMessageRequest.swift; sourceTree = "<group>"; };
		BE0AD9F02ABB29E600C7CA59 /* BTPayPalMessagePlacement.swift */ = {isa = PBXFileReference; lastKnownFileType = sourcecode.swift; path = BTPayPalMessagePlacement.swift; sourceTree = "<group>"; };
		BE0AD9F22ABB2AB800C7CA59 /* BTPayPalMessageOfferType.swift */ = {isa = PBXFileReference; lastKnownFileType = sourcecode.swift; path = BTPayPalMessageOfferType.swift; sourceTree = "<group>"; };
		BE0AD9F52ABB2BAD00C7CA59 /* BTPayPalCreditMessageView.swift */ = {isa = PBXFileReference; lastKnownFileType = sourcecode.swift; path = BTPayPalCreditMessageView.swift; sourceTree = "<group>"; };
		BE6E013D2AA90EE900170C09 /* PayPalMessages 2.xcframework */ = {isa = PBXFileReference; lastKnownFileType = wrapper.xcframework; name = "PayPalMessages 2.xcframework"; path = "../../Downloads/PayPalMessages 2.xcframework"; sourceTree = "<group>"; };
		BE6E01442AA91FD400170C09 /* PayPalMessages.xcframework */ = {isa = PBXFileReference; lastKnownFileType = wrapper.xcframework; name = PayPalMessages.xcframework; path = "../../Downloads/ios-native-messages-main/PayPalMessages.xcframework"; sourceTree = "<group>"; };
		BEEE3F552AA8C9CF00B9DBBD /* PayPalMessagingSpike.app */ = {isa = PBXFileReference; explicitFileType = wrapper.application; includeInIndex = 0; path = PayPalMessagingSpike.app; sourceTree = BUILT_PRODUCTS_DIR; };
		BEEE3F582AA8C9CF00B9DBBD /* AppDelegate.swift */ = {isa = PBXFileReference; lastKnownFileType = sourcecode.swift; path = AppDelegate.swift; sourceTree = "<group>"; };
		BEEE3F5A2AA8C9CF00B9DBBD /* SceneDelegate.swift */ = {isa = PBXFileReference; lastKnownFileType = sourcecode.swift; path = SceneDelegate.swift; sourceTree = "<group>"; };
		BEEE3F5C2AA8C9CF00B9DBBD /* ViewController.swift */ = {isa = PBXFileReference; lastKnownFileType = sourcecode.swift; path = ViewController.swift; sourceTree = "<group>"; };
		BEEE3F5F2AA8C9CF00B9DBBD /* Base */ = {isa = PBXFileReference; lastKnownFileType = file.storyboard; name = Base; path = Base.lproj/Main.storyboard; sourceTree = "<group>"; };
		BEEE3F612AA8C9D900B9DBBD /* Assets.xcassets */ = {isa = PBXFileReference; lastKnownFileType = folder.assetcatalog; path = Assets.xcassets; sourceTree = "<group>"; };
		BEEE3F642AA8C9DA00B9DBBD /* Base */ = {isa = PBXFileReference; lastKnownFileType = file.storyboard; name = Base; path = Base.lproj/LaunchScreen.storyboard; sourceTree = "<group>"; };
		BEEE3F662AA8C9DA00B9DBBD /* Info.plist */ = {isa = PBXFileReference; lastKnownFileType = text.plist.xml; path = Info.plist; sourceTree = "<group>"; };
		BEEE3F6D2AA8CA0600B9DBBD /* PayPalMessages.xcframework */ = {isa = PBXFileReference; lastKnownFileType = wrapper.xcframework; name = PayPalMessages.xcframework; path = ../../Downloads/PayPalMessages.xcframework; sourceTree = "<group>"; };
/* End PBXFileReference section */

/* Begin PBXFrameworksBuildPhase section */
		BEEE3F522AA8C9CF00B9DBBD /* Frameworks */ = {
			isa = PBXFrameworksBuildPhase;
			buildActionMask = 2147483647;
			files = (
				BED7C4B82ABB2D0400EF8550 /* BraintreeLocalPayment in Frameworks */,
				BED7C4B42ABB2D0400EF8550 /* BraintreeCore in Frameworks */,
				BED7C4BA2ABB2D0400EF8550 /* BraintreePayPal in Frameworks */,
				BED7C4C22ABB2D0400EF8550 /* BraintreeVenmo in Frameworks */,
				B8EA84FE2ABB7E0100569635 /* PayPalMessages.xcframework in Frameworks */,
				BED7C4AE2ABB2D0400EF8550 /* BraintreeAmericanExpress in Frameworks */,
				BED7C4B02ABB2D0400EF8550 /* BraintreeApplePay in Frameworks */,
				BED7C4B22ABB2D0400EF8550 /* BraintreeCard in Frameworks */,
				BED7C4BC2ABB2D0400EF8550 /* BraintreePayPalNativeCheckout in Frameworks */,
				BED7C4C02ABB2D0400EF8550 /* BraintreeThreeDSecure in Frameworks */,
				BED7C4BE2ABB2D0400EF8550 /* BraintreeSEPADirectDebit in Frameworks */,
				BED7C4B62ABB2D0400EF8550 /* BraintreeDataCollector in Frameworks */,
			);
			runOnlyForDeploymentPostprocessing = 0;
		};
/* End PBXFrameworksBuildPhase section */

/* Begin PBXGroup section */
		BE0AD9F42ABB2B4000C7CA59 /* PayPalMessage */ = {
			isa = PBXGroup;
			children = (
				BE0AD9F22ABB2AB800C7CA59 /* BTPayPalMessageOfferType.swift */,
				BE0AD9F02ABB29E600C7CA59 /* BTPayPalMessagePlacement.swift */,
				BE0AD9EE2ABB297B00C7CA59 /* BTPayPalCreditMessageRequest.swift */,
				BE0AD9F52ABB2BAD00C7CA59 /* BTPayPalCreditMessageView.swift */,
				B8EA85012ABBB4A300569635 /* BTPayPalMessageTextAlignment.swift */,
				B8EA85032ABBB5BF00569635 /* BTPayPalMessageColor.swift */,
				B8EA85052ABBB69300569635 /* BTPayPalMessageLogoType.swift */,
			);
			path = PayPalMessage;
			sourceTree = "<group>";
		};
		BEEE3F4C2AA8C9CF00B9DBBD = {
			isa = PBXGroup;
			children = (
				BEEE3F572AA8C9CF00B9DBBD /* PayPalMessagingSpike */,
				BEEE3F562AA8C9CF00B9DBBD /* Products */,
				BEEE3F6C2AA8CA0600B9DBBD /* Frameworks */,
			);
			sourceTree = "<group>";
		};
		BEEE3F562AA8C9CF00B9DBBD /* Products */ = {
			isa = PBXGroup;
			children = (
				BEEE3F552AA8C9CF00B9DBBD /* PayPalMessagingSpike.app */,
			);
			name = Products;
			sourceTree = "<group>";
		};
		BEEE3F572AA8C9CF00B9DBBD /* PayPalMessagingSpike */ = {
			isa = PBXGroup;
			children = (
				BEEE3F582AA8C9CF00B9DBBD /* AppDelegate.swift */,
				BEEE3F5A2AA8C9CF00B9DBBD /* SceneDelegate.swift */,
				BEEE3F5C2AA8C9CF00B9DBBD /* ViewController.swift */,
				BEEE3F612AA8C9D900B9DBBD /* Assets.xcassets */,
				BEEE3F662AA8C9DA00B9DBBD /* Info.plist */,
				BEEE3F632AA8C9DA00B9DBBD /* LaunchScreen.storyboard */,
				BEEE3F5E2AA8C9CF00B9DBBD /* Main.storyboard */,
				BE0AD9F42ABB2B4000C7CA59 /* PayPalMessage */,
			);
			path = PayPalMessagingSpike;
			sourceTree = "<group>";
		};
		BEEE3F6C2AA8CA0600B9DBBD /* Frameworks */ = {
			isa = PBXGroup;
			children = (
				BE6E01442AA91FD400170C09 /* PayPalMessages.xcframework */,
				B8EA84FD2ABB7E0100569635 /* PayPalMessages.xcframework */,
				BE6E013D2AA90EE900170C09 /* PayPalMessages 2.xcframework */,
				BEEE3F6D2AA8CA0600B9DBBD /* PayPalMessages.xcframework */,
			);
			name = Frameworks;
			sourceTree = "<group>";
		};
/* End PBXGroup section */

/* Begin PBXNativeTarget section */
		BEEE3F542AA8C9CF00B9DBBD /* PayPalMessagingSpike */ = {
			isa = PBXNativeTarget;
			buildConfigurationList = BEEE3F692AA8C9DA00B9DBBD /* Build configuration list for PBXNativeTarget "PayPalMessagingSpike" */;
			buildPhases = (
				BEEE3F512AA8C9CF00B9DBBD /* Sources */,
				BEEE3F522AA8C9CF00B9DBBD /* Frameworks */,
				BEEE3F532AA8C9CF00B9DBBD /* Resources */,
				B8EA85002ABB7E0100569635 /* Embed Frameworks */,
			);
			buildRules = (
			);
			dependencies = (
			);
			name = PayPalMessagingSpike;
			packageProductDependencies = (
				BED7C4AD2ABB2D0400EF8550 /* BraintreeAmericanExpress */,
				BED7C4AF2ABB2D0400EF8550 /* BraintreeApplePay */,
				BED7C4B12ABB2D0400EF8550 /* BraintreeCard */,
				BED7C4B32ABB2D0400EF8550 /* BraintreeCore */,
				BED7C4B52ABB2D0400EF8550 /* BraintreeDataCollector */,
				BED7C4B72ABB2D0400EF8550 /* BraintreeLocalPayment */,
				BED7C4B92ABB2D0400EF8550 /* BraintreePayPal */,
				BED7C4BB2ABB2D0400EF8550 /* BraintreePayPalNativeCheckout */,
				BED7C4BD2ABB2D0400EF8550 /* BraintreeSEPADirectDebit */,
				BED7C4BF2ABB2D0400EF8550 /* BraintreeThreeDSecure */,
				BED7C4C12ABB2D0400EF8550 /* BraintreeVenmo */,
			);
			productName = PayPalMessagingSpike;
			productReference = BEEE3F552AA8C9CF00B9DBBD /* PayPalMessagingSpike.app */;
			productType = "com.apple.product-type.application";
		};
/* End PBXNativeTarget section */

/* Begin PBXProject section */
		BEEE3F4D2AA8C9CF00B9DBBD /* Project object */ = {
			isa = PBXProject;
			attributes = {
				BuildIndependentTargetsInParallel = 1;
				LastSwiftUpdateCheck = 1500;
				LastUpgradeCheck = 1500;
				TargetAttributes = {
					BEEE3F542AA8C9CF00B9DBBD = {
						CreatedOnToolsVersion = 15.0;
					};
				};
			};
			buildConfigurationList = BEEE3F502AA8C9CF00B9DBBD /* Build configuration list for PBXProject "PayPalMessagingSpike" */;
			compatibilityVersion = "Xcode 14.0";
			developmentRegion = en;
			hasScannedForEncodings = 0;
			knownRegions = (
				en,
				Base,
			);
			mainGroup = BEEE3F4C2AA8C9CF00B9DBBD;
			packageReferences = (
				BED7C4AC2ABB2D0400EF8550 /* XCRemoteSwiftPackageReference "braintree_ios" */,
			);
			productRefGroup = BEEE3F562AA8C9CF00B9DBBD /* Products */;
			projectDirPath = "";
			projectRoot = "";
			targets = (
				BEEE3F542AA8C9CF00B9DBBD /* PayPalMessagingSpike */,
			);
		};
/* End PBXProject section */

/* Begin PBXResourcesBuildPhase section */
		BEEE3F532AA8C9CF00B9DBBD /* Resources */ = {
			isa = PBXResourcesBuildPhase;
			buildActionMask = 2147483647;
			files = (
				BEEE3F652AA8C9DA00B9DBBD /* LaunchScreen.storyboard in Resources */,
				BEEE3F622AA8C9D900B9DBBD /* Assets.xcassets in Resources */,
				BEEE3F602AA8C9CF00B9DBBD /* Main.storyboard in Resources */,
			);
			runOnlyForDeploymentPostprocessing = 0;
		};
/* End PBXResourcesBuildPhase section */

/* Begin PBXSourcesBuildPhase section */
		BEEE3F512AA8C9CF00B9DBBD /* Sources */ = {
			isa = PBXSourcesBuildPhase;
			buildActionMask = 2147483647;
			files = (
				BEEE3F5D2AA8C9CF00B9DBBD /* ViewController.swift in Sources */,
				BE0AD9F62ABB2BAD00C7CA59 /* BTPayPalCreditMessageView.swift in Sources */,
				BEEE3F592AA8C9CF00B9DBBD /* AppDelegate.swift in Sources */,
				BE0AD9EF2ABB297B00C7CA59 /* BTPayPalCreditMessageRequest.swift in Sources */,
				BE0AD9F32ABB2AB800C7CA59 /* BTPayPalMessageOfferType.swift in Sources */,
				BEEE3F5B2AA8C9CF00B9DBBD /* SceneDelegate.swift in Sources */,
				B8EA85022ABBB4A300569635 /* BTPayPalMessageTextAlignment.swift in Sources */,
				B8EA85042ABBB5BF00569635 /* BTPayPalMessageColor.swift in Sources */,
				BE0AD9F12ABB29E600C7CA59 /* BTPayPalMessagePlacement.swift in Sources */,
				B8EA85062ABBB69300569635 /* BTPayPalMessageLogoType.swift in Sources */,
			);
			runOnlyForDeploymentPostprocessing = 0;
		};
/* End PBXSourcesBuildPhase section */

/* Begin PBXVariantGroup section */
		BEEE3F5E2AA8C9CF00B9DBBD /* Main.storyboard */ = {
			isa = PBXVariantGroup;
			children = (
				BEEE3F5F2AA8C9CF00B9DBBD /* Base */,
			);
			name = Main.storyboard;
			sourceTree = "<group>";
		};
		BEEE3F632AA8C9DA00B9DBBD /* LaunchScreen.storyboard */ = {
			isa = PBXVariantGroup;
			children = (
				BEEE3F642AA8C9DA00B9DBBD /* Base */,
			);
			name = LaunchScreen.storyboard;
			sourceTree = "<group>";
		};
/* End PBXVariantGroup section */

/* Begin XCBuildConfiguration section */
		BEEE3F672AA8C9DA00B9DBBD /* Debug */ = {
			isa = XCBuildConfiguration;
			buildSettings = {
				ALWAYS_SEARCH_USER_PATHS = NO;
				ASSETCATALOG_COMPILER_GENERATE_SWIFT_ASSET_SYMBOL_EXTENSIONS = YES;
				CLANG_ANALYZER_NONNULL = YES;
				CLANG_ANALYZER_NUMBER_OBJECT_CONVERSION = YES_AGGRESSIVE;
				CLANG_CXX_LANGUAGE_STANDARD = "gnu++20";
				CLANG_ENABLE_MODULES = YES;
				CLANG_ENABLE_OBJC_ARC = YES;
				CLANG_ENABLE_OBJC_WEAK = YES;
				CLANG_WARN_BLOCK_CAPTURE_AUTORELEASING = YES;
				CLANG_WARN_BOOL_CONVERSION = YES;
				CLANG_WARN_COMMA = YES;
				CLANG_WARN_CONSTANT_CONVERSION = YES;
				CLANG_WARN_DEPRECATED_OBJC_IMPLEMENTATIONS = YES;
				CLANG_WARN_DIRECT_OBJC_ISA_USAGE = YES_ERROR;
				CLANG_WARN_DOCUMENTATION_COMMENTS = YES;
				CLANG_WARN_EMPTY_BODY = YES;
				CLANG_WARN_ENUM_CONVERSION = YES;
				CLANG_WARN_INFINITE_RECURSION = YES;
				CLANG_WARN_INT_CONVERSION = YES;
				CLANG_WARN_NON_LITERAL_NULL_CONVERSION = YES;
				CLANG_WARN_OBJC_IMPLICIT_RETAIN_SELF = YES;
				CLANG_WARN_OBJC_LITERAL_CONVERSION = YES;
				CLANG_WARN_OBJC_ROOT_CLASS = YES_ERROR;
				CLANG_WARN_QUOTED_INCLUDE_IN_FRAMEWORK_HEADER = YES;
				CLANG_WARN_RANGE_LOOP_ANALYSIS = YES;
				CLANG_WARN_STRICT_PROTOTYPES = YES;
				CLANG_WARN_SUSPICIOUS_MOVE = YES;
				CLANG_WARN_UNGUARDED_AVAILABILITY = YES_AGGRESSIVE;
				CLANG_WARN_UNREACHABLE_CODE = YES;
				CLANG_WARN__DUPLICATE_METHOD_MATCH = YES;
				COPY_PHASE_STRIP = NO;
				DEBUG_INFORMATION_FORMAT = dwarf;
				ENABLE_STRICT_OBJC_MSGSEND = YES;
				ENABLE_TESTABILITY = YES;
				ENABLE_USER_SCRIPT_SANDBOXING = YES;
				GCC_C_LANGUAGE_STANDARD = gnu17;
				GCC_DYNAMIC_NO_PIC = NO;
				GCC_NO_COMMON_BLOCKS = YES;
				GCC_OPTIMIZATION_LEVEL = 0;
				GCC_PREPROCESSOR_DEFINITIONS = (
					"DEBUG=1",
					"$(inherited)",
				);
				GCC_WARN_64_TO_32_BIT_CONVERSION = YES;
				GCC_WARN_ABOUT_RETURN_TYPE = YES_ERROR;
				GCC_WARN_UNDECLARED_SELECTOR = YES;
				GCC_WARN_UNINITIALIZED_AUTOS = YES_AGGRESSIVE;
				GCC_WARN_UNUSED_FUNCTION = YES;
				GCC_WARN_UNUSED_VARIABLE = YES;
				IPHONEOS_DEPLOYMENT_TARGET = 17.0;
				LOCALIZATION_PREFERS_STRING_CATALOGS = YES;
				MTL_ENABLE_DEBUG_INFO = INCLUDE_SOURCE;
				MTL_FAST_MATH = YES;
				ONLY_ACTIVE_ARCH = YES;
				SDKROOT = iphoneos;
				SWIFT_ACTIVE_COMPILATION_CONDITIONS = "DEBUG $(inherited)";
				SWIFT_OPTIMIZATION_LEVEL = "-Onone";
			};
			name = Debug;
		};
		BEEE3F682AA8C9DA00B9DBBD /* Release */ = {
			isa = XCBuildConfiguration;
			buildSettings = {
				ALWAYS_SEARCH_USER_PATHS = NO;
				ASSETCATALOG_COMPILER_GENERATE_SWIFT_ASSET_SYMBOL_EXTENSIONS = YES;
				CLANG_ANALYZER_NONNULL = YES;
				CLANG_ANALYZER_NUMBER_OBJECT_CONVERSION = YES_AGGRESSIVE;
				CLANG_CXX_LANGUAGE_STANDARD = "gnu++20";
				CLANG_ENABLE_MODULES = YES;
				CLANG_ENABLE_OBJC_ARC = YES;
				CLANG_ENABLE_OBJC_WEAK = YES;
				CLANG_WARN_BLOCK_CAPTURE_AUTORELEASING = YES;
				CLANG_WARN_BOOL_CONVERSION = YES;
				CLANG_WARN_COMMA = YES;
				CLANG_WARN_CONSTANT_CONVERSION = YES;
				CLANG_WARN_DEPRECATED_OBJC_IMPLEMENTATIONS = YES;
				CLANG_WARN_DIRECT_OBJC_ISA_USAGE = YES_ERROR;
				CLANG_WARN_DOCUMENTATION_COMMENTS = YES;
				CLANG_WARN_EMPTY_BODY = YES;
				CLANG_WARN_ENUM_CONVERSION = YES;
				CLANG_WARN_INFINITE_RECURSION = YES;
				CLANG_WARN_INT_CONVERSION = YES;
				CLANG_WARN_NON_LITERAL_NULL_CONVERSION = YES;
				CLANG_WARN_OBJC_IMPLICIT_RETAIN_SELF = YES;
				CLANG_WARN_OBJC_LITERAL_CONVERSION = YES;
				CLANG_WARN_OBJC_ROOT_CLASS = YES_ERROR;
				CLANG_WARN_QUOTED_INCLUDE_IN_FRAMEWORK_HEADER = YES;
				CLANG_WARN_RANGE_LOOP_ANALYSIS = YES;
				CLANG_WARN_STRICT_PROTOTYPES = YES;
				CLANG_WARN_SUSPICIOUS_MOVE = YES;
				CLANG_WARN_UNGUARDED_AVAILABILITY = YES_AGGRESSIVE;
				CLANG_WARN_UNREACHABLE_CODE = YES;
				CLANG_WARN__DUPLICATE_METHOD_MATCH = YES;
				COPY_PHASE_STRIP = NO;
				DEBUG_INFORMATION_FORMAT = "dwarf-with-dsym";
				ENABLE_NS_ASSERTIONS = NO;
				ENABLE_STRICT_OBJC_MSGSEND = YES;
				ENABLE_USER_SCRIPT_SANDBOXING = YES;
				GCC_C_LANGUAGE_STANDARD = gnu17;
				GCC_NO_COMMON_BLOCKS = YES;
				GCC_WARN_64_TO_32_BIT_CONVERSION = YES;
				GCC_WARN_ABOUT_RETURN_TYPE = YES_ERROR;
				GCC_WARN_UNDECLARED_SELECTOR = YES;
				GCC_WARN_UNINITIALIZED_AUTOS = YES_AGGRESSIVE;
				GCC_WARN_UNUSED_FUNCTION = YES;
				GCC_WARN_UNUSED_VARIABLE = YES;
				IPHONEOS_DEPLOYMENT_TARGET = 17.0;
				LOCALIZATION_PREFERS_STRING_CATALOGS = YES;
				MTL_ENABLE_DEBUG_INFO = NO;
				MTL_FAST_MATH = YES;
				SDKROOT = iphoneos;
				SWIFT_COMPILATION_MODE = wholemodule;
				VALIDATE_PRODUCT = YES;
			};
			name = Release;
		};
		BEEE3F6A2AA8C9DA00B9DBBD /* Debug */ = {
			isa = XCBuildConfiguration;
			buildSettings = {
				ASSETCATALOG_COMPILER_APPICON_NAME = AppIcon;
				ASSETCATALOG_COMPILER_GLOBAL_ACCENT_COLOR_NAME = AccentColor;
				CODE_SIGN_STYLE = Automatic;
				CURRENT_PROJECT_VERSION = 1;
				DEVELOPMENT_TEAM = 43253H4X22;
				GENERATE_INFOPLIST_FILE = YES;
				INFOPLIST_FILE = PayPalMessagingSpike/Info.plist;
				INFOPLIST_KEY_UIApplicationSupportsIndirectInputEvents = YES;
				INFOPLIST_KEY_UILaunchStoryboardName = LaunchScreen;
				INFOPLIST_KEY_UIMainStoryboardFile = Main;
				INFOPLIST_KEY_UISupportedInterfaceOrientations_iPad = "UIInterfaceOrientationPortrait UIInterfaceOrientationPortraitUpsideDown UIInterfaceOrientationLandscapeLeft UIInterfaceOrientationLandscapeRight";
				INFOPLIST_KEY_UISupportedInterfaceOrientations_iPhone = "UIInterfaceOrientationPortrait UIInterfaceOrientationLandscapeLeft UIInterfaceOrientationLandscapeRight";
				IPHONEOS_DEPLOYMENT_TARGET = 16.4;
				LD_RUNPATH_SEARCH_PATHS = (
					"$(inherited)",
					"@executable_path/Frameworks",
				);
				MARKETING_VERSION = 1.0;
				PRODUCT_BUNDLE_IDENTIFIER = com.braintree.PayPalMessagingSpike;
				PRODUCT_NAME = "$(TARGET_NAME)";
				SWIFT_EMIT_LOC_STRINGS = YES;
				SWIFT_VERSION = 5.0;
				TARGETED_DEVICE_FAMILY = "1,2";
			};
			name = Debug;
		};
		BEEE3F6B2AA8C9DA00B9DBBD /* Release */ = {
			isa = XCBuildConfiguration;
			buildSettings = {
				ASSETCATALOG_COMPILER_APPICON_NAME = AppIcon;
				ASSETCATALOG_COMPILER_GLOBAL_ACCENT_COLOR_NAME = AccentColor;
				CODE_SIGN_STYLE = Automatic;
				CURRENT_PROJECT_VERSION = 1;
				DEVELOPMENT_TEAM = 43253H4X22;
				GENERATE_INFOPLIST_FILE = YES;
				INFOPLIST_FILE = PayPalMessagingSpike/Info.plist;
				INFOPLIST_KEY_UIApplicationSupportsIndirectInputEvents = YES;
				INFOPLIST_KEY_UILaunchStoryboardName = LaunchScreen;
				INFOPLIST_KEY_UIMainStoryboardFile = Main;
				INFOPLIST_KEY_UISupportedInterfaceOrientations_iPad = "UIInterfaceOrientationPortrait UIInterfaceOrientationPortraitUpsideDown UIInterfaceOrientationLandscapeLeft UIInterfaceOrientationLandscapeRight";
				INFOPLIST_KEY_UISupportedInterfaceOrientations_iPhone = "UIInterfaceOrientationPortrait UIInterfaceOrientationLandscapeLeft UIInterfaceOrientationLandscapeRight";
				IPHONEOS_DEPLOYMENT_TARGET = 16.4;
				LD_RUNPATH_SEARCH_PATHS = (
					"$(inherited)",
					"@executable_path/Frameworks",
				);
				MARKETING_VERSION = 1.0;
				PRODUCT_BUNDLE_IDENTIFIER = com.braintree.PayPalMessagingSpike;
				PRODUCT_NAME = "$(TARGET_NAME)";
				SWIFT_EMIT_LOC_STRINGS = YES;
				SWIFT_VERSION = 5.0;
				TARGETED_DEVICE_FAMILY = "1,2";
			};
			name = Release;
		};
/* End XCBuildConfiguration section */

/* Begin XCConfigurationList section */
		BEEE3F502AA8C9CF00B9DBBD /* Build configuration list for PBXProject "PayPalMessagingSpike" */ = {
			isa = XCConfigurationList;
			buildConfigurations = (
				BEEE3F672AA8C9DA00B9DBBD /* Debug */,
				BEEE3F682AA8C9DA00B9DBBD /* Release */,
			);
			defaultConfigurationIsVisible = 0;
			defaultConfigurationName = Release;
		};
		BEEE3F692AA8C9DA00B9DBBD /* Build configuration list for PBXNativeTarget "PayPalMessagingSpike" */ = {
			isa = XCConfigurationList;
			buildConfigurations = (
				BEEE3F6A2AA8C9DA00B9DBBD /* Debug */,
				BEEE3F6B2AA8C9DA00B9DBBD /* Release */,
			);
			defaultConfigurationIsVisible = 0;
			defaultConfigurationName = Release;
		};
/* End XCConfigurationList section */

/* Begin XCRemoteSwiftPackageReference section */
		BED7C4AC2ABB2D0400EF8550 /* XCRemoteSwiftPackageReference "braintree_ios" */ = {
			isa = XCRemoteSwiftPackageReference;
			repositoryURL = "https://github.com/braintree/braintree_ios";
			requirement = {
				kind = exactVersion;
				version = 6.6.0;
			};
		};
/* End XCRemoteSwiftPackageReference section */

/* Begin XCSwiftPackageProductDependency section */
		BED7C4AD2ABB2D0400EF8550 /* BraintreeAmericanExpress */ = {
			isa = XCSwiftPackageProductDependency;
			package = BED7C4AC2ABB2D0400EF8550 /* XCRemoteSwiftPackageReference "braintree_ios" */;
			productName = BraintreeAmericanExpress;
		};
		BED7C4AF2ABB2D0400EF8550 /* BraintreeApplePay */ = {
			isa = XCSwiftPackageProductDependency;
			package = BED7C4AC2ABB2D0400EF8550 /* XCRemoteSwiftPackageReference "braintree_ios" */;
			productName = BraintreeApplePay;
		};
		BED7C4B12ABB2D0400EF8550 /* BraintreeCard */ = {
			isa = XCSwiftPackageProductDependency;
			package = BED7C4AC2ABB2D0400EF8550 /* XCRemoteSwiftPackageReference "braintree_ios" */;
			productName = BraintreeCard;
		};
		BED7C4B32ABB2D0400EF8550 /* BraintreeCore */ = {
			isa = XCSwiftPackageProductDependency;
			package = BED7C4AC2ABB2D0400EF8550 /* XCRemoteSwiftPackageReference "braintree_ios" */;
			productName = BraintreeCore;
		};
		BED7C4B52ABB2D0400EF8550 /* BraintreeDataCollector */ = {
			isa = XCSwiftPackageProductDependency;
			package = BED7C4AC2ABB2D0400EF8550 /* XCRemoteSwiftPackageReference "braintree_ios" */;
			productName = BraintreeDataCollector;
		};
		BED7C4B72ABB2D0400EF8550 /* BraintreeLocalPayment */ = {
			isa = XCSwiftPackageProductDependency;
			package = BED7C4AC2ABB2D0400EF8550 /* XCRemoteSwiftPackageReference "braintree_ios" */;
			productName = BraintreeLocalPayment;
		};
		BED7C4B92ABB2D0400EF8550 /* BraintreePayPal */ = {
			isa = XCSwiftPackageProductDependency;
			package = BED7C4AC2ABB2D0400EF8550 /* XCRemoteSwiftPackageReference "braintree_ios" */;
			productName = BraintreePayPal;
		};
		BED7C4BB2ABB2D0400EF8550 /* BraintreePayPalNativeCheckout */ = {
			isa = XCSwiftPackageProductDependency;
			package = BED7C4AC2ABB2D0400EF8550 /* XCRemoteSwiftPackageReference "braintree_ios" */;
			productName = BraintreePayPalNativeCheckout;
		};
		BED7C4BD2ABB2D0400EF8550 /* BraintreeSEPADirectDebit */ = {
			isa = XCSwiftPackageProductDependency;
			package = BED7C4AC2ABB2D0400EF8550 /* XCRemoteSwiftPackageReference "braintree_ios" */;
			productName = BraintreeSEPADirectDebit;
		};
		BED7C4BF2ABB2D0400EF8550 /* BraintreeThreeDSecure */ = {
			isa = XCSwiftPackageProductDependency;
			package = BED7C4AC2ABB2D0400EF8550 /* XCRemoteSwiftPackageReference "braintree_ios" */;
			productName = BraintreeThreeDSecure;
		};
		BED7C4C12ABB2D0400EF8550 /* BraintreeVenmo */ = {
			isa = XCSwiftPackageProductDependency;
			package = BED7C4AC2ABB2D0400EF8550 /* XCRemoteSwiftPackageReference "braintree_ios" */;
			productName = BraintreeVenmo;
		};
/* End XCSwiftPackageProductDependency section */
	};
	rootObject = BEEE3F4D2AA8C9CF00B9DBBD /* Project object */;
}
